{
  "name": "MoodMentor",
  "lockfileVersion": 3,
  "requires": true,
  "packages": {
    "": {
      "dependencies": {
        "http-status": "^1.7.3"
      }
    },
    "node_modules/http-status": {
      "version": "1.7.3",
      "resolved": "https://registry.npmjs.org/http-status/-/http-status-1.7.3.tgz",
      "integrity": "sha512-GS8tL1qHT2nBCMJDYMHGkkkKQLNkIAHz37vgO68XKvzv+XyqB4oh/DfmMHdtRzfqSJPj1xKG2TaELZtlCz6BEQ==",
      "engines": {
        "node": ">= 0.4.0"
      }
    }
  }
}
